
Microsoft Visual Studio Solution File, Format Version 12.00
# Visual Studio 15
VisualStudioVersion = 15.0.27428.2015
MinimumVisualStudioVersion = 10.0.40219.1
Project("{FAE04EC0-301F-11D3-BF4B-00C04F79EFBC}") = "Amazon", "Amazon\Amazon.csproj", "{521E8FE2-27AD-4F5F-A033-479B558D6BD6}"
EndProject
Global
	GlobalSection(SolutionConfigurationPlatforms) = preSolution
		Debug|Any CPU = Debug|Any CPU
		Release|Any CPU = Release|Any CPU
	EndGlobalSection
	GlobalSection(ProjectConfigurationPlatforms) = postSolution
		{521E8FE2-27AD-4F5F-A033-479B558D6BD6}.Debug|Any CPU.ActiveCfg = Debug|Any CPU
		{521E8FE2-27AD-4F5F-A033-479B558D6BD6}.Debug|Any CPU.Build.0 = Debug|Any CPU
		{521E8FE2-27AD-4F5F-A033-479B558D6BD6}.Release|Any CPU.ActiveCfg = Release|Any CPU
		{521E8FE2-27AD-4F5F-A033-479B558D6BD6}.Release|Any CPU.Build.0 = Release|Any CPU
	EndGlobalSection
	GlobalSection(SolutionProperties) = preSolution
		HideSolutionNode = FALSE
	EndGlobalSection
	GlobalSection(ExtensibilityGlobals) = postSolution
		SolutionGuid = {ADC60A98-817E-4466-B3F8-12E52B5B468A}
	EndGlobalSection
EndGlobal
