
Microsoft Visual Studio Solution File, Format Version 12.00
# Visual Studio 15
VisualStudioVersion = 15.0.27428.2015
MinimumVisualStudioVersion = 10.0.40219.1
Project("{FAE04EC0-301F-11D3-BF4B-00C04F79EFBC}") = "MongoDBDemo", "MongoDBDemo\MongoDBDemo.csproj", "{F30BE372-1705-4E09-95B8-628004C094AE}"
EndProject
Global
	GlobalSection(SolutionConfigurationPlatforms) = preSolution
		Debug|Any CPU = Debug|Any CPU
		Release|Any CPU = Release|Any CPU
	EndGlobalSection
	GlobalSection(ProjectConfigurationPlatforms) = postSolution
		{F30BE372-1705-4E09-95B8-628004C094AE}.Debug|Any CPU.ActiveCfg = Debug|Any CPU
		{F30BE372-1705-4E09-95B8-628004C094AE}.Debug|Any CPU.Build.0 = Debug|Any CPU
		{F30BE372-1705-4E09-95B8-628004C094AE}.Release|Any CPU.ActiveCfg = Release|Any CPU
		{F30BE372-1705-4E09-95B8-628004C094AE}.Release|Any CPU.Build.0 = Release|Any CPU
	EndGlobalSection
	GlobalSection(SolutionProperties) = preSolution
		HideSolutionNode = FALSE
	EndGlobalSection
	GlobalSection(ExtensibilityGlobals) = postSolution
		SolutionGuid = {19BCD0D2-A2A2-425B-B4E4-579D9B976939}
	EndGlobalSection
EndGlobal
